// !$*UTF8*$!
{
	archiveVersion = 1;
	classes = {
	};
	objectVersion = 46;
	objects = {

/* Begin PBXBuildFile section */
		489A1A4E1BD62DD100ED4232 /* main.m in Sources */ = {isa = PBXBuildFile; fileRef = 489A1A4D1BD62DD100ED4232 /* main.m */; };
		489A1A511BD62DD100ED4232 /* AppDelegate.m in Sources */ = {isa = PBXBuildFile; fileRef = 489A1A501BD62DD100ED4232 /* AppDelegate.m */; };
		489A1A541BD62DD100ED4232 /* ViewController.m in Sources */ = {isa = PBXBuildFile; fileRef = 489A1A531BD62DD100ED4232 /* ViewController.m */; };
		489A1A571BD62DD100ED4232 /* Main.storyboard in Resources */ = {isa = PBXBuildFile; fileRef = 489A1A551BD62DD100ED4232 /* Main.storyboard */; };
		489A1A591BD62DD100ED4232 /* Assets.xcassets in Resources */ = {isa = PBXBuildFile; fileRef = 489A1A581BD62DD100ED4232 /* Assets.xcassets */; };
		489A1A5C1BD62DD100ED4232 /* LaunchScreen.storyboard in Resources */ = {isa = PBXBuildFile; fileRef = 489A1A5A1BD62DD100ED4232 /* LaunchScreen.storyboard */; };
		489A1A671BD62DD100ED4232 /* gitBaiSiTests.m in Sources */ = {isa = PBXBuildFile; fileRef = 489A1A661BD62DD100ED4232 /* gitBaiSiTests.m */; };
		489A1A721BD62DD100ED4232 /* gitBaiSiUITests.m in Sources */ = {isa = PBXBuildFile; fileRef = 489A1A711BD62DD100ED4232 /* gitBaiSiUITests.m */; };
/* End PBXBuildFile section */

/* Begin PBXContainerItemProxy section */
		489A1A631BD62DD100ED4232 /* PBXContainerItemProxy */ = {
			isa = PBXContainerItemProxy;
			containerPortal = 489A1A411BD62DD100ED4232 /* Project object */;
			proxyType = 1;
			remoteGlobalIDString = 489A1A481BD62DD100ED4232;
			remoteInfo = gitBaiSi;
		};
		489A1A6E1BD62DD100ED4232 /* PBXContainerItemProxy */ = {
			isa = PBXContainerItemProxy;
			containerPortal = 489A1A411BD62DD100ED4232 /* Project object */;
			proxyType = 1;
			remoteGlobalIDString = 489A1A481BD62DD100ED4232;
			remoteInfo = gitBaiSi;
		};
/* End PBXContainerItemProxy section */

/* Begin PBXFileReference section */
		489A1A491BD62DD100ED4232 /* gitBaiSi.app */ = {isa = PBXFileReference; explicitFileType = wrapper.application; includeInIndex = 0; path = gitBaiSi.app; sourceTree = BUILT_PRODUCTS_DIR; };
		489A1A4D1BD62DD100ED4232 /* main.m */ = {isa = PBXFileReference; lastKnownFileType = sourcecode.c.objc; path = main.m; sourceTree = "<group>"; };
		489A1A4F1BD62DD100ED4232 /* AppDelegate.h */ = {isa = PBXFileReference; lastKnownFileType = sourcecode.c.h; path = AppDelegate.h; sourceTree = "<group>"; };
		489A1A501BD62DD100ED4232 /* AppDelegate.m */ = {isa = PBXFileReference; lastKnownFileType = sourcecode.c.objc; path = AppDelegate.m; sourceTree = "<group>"; };
		489A1A521BD62DD100ED4232 /* ViewController.h */ = {isa = PBXFileReference; lastKnownFileType = sourcecode.c.h; path = ViewController.h; sourceTree = "<group>"; };
		489A1A531BD62DD100ED4232 /* ViewController.m */ = {isa = PBXFileReference; lastKnownFileType = sourcecode.c.objc; path = ViewController.m; sourceTree = "<group>"; };
		489A1A561BD62DD100ED4232 /* Base */ = {isa = PBXFileReference; lastKnownFileType = file.storyboard; name = Base; path = Base.lproj/Main.storyboard; sourceTree = "<group>"; };
		489A1A581BD62DD100ED4232 /* Assets.xcassets */ = {isa = PBXFileReference; lastKnownFileType = folder.assetcatalog; path = Assets.xcassets; sourceTree = "<group>"; };
		489A1A5B1BD62DD100ED4232 /* Base */ = {isa = PBXFileReference; lastKnownFileType = file.storyboard; name = Base; path = Base.lproj/LaunchScreen.storyboard; sourceTree = "<group>"; };
		489A1A5D1BD62DD100ED4232 /* Info.plist */ = {isa = PBXFileReference; lastKnownFileType = text.plist.xml; path = Info.plist; sourceTree = "<group>"; };
		489A1A621BD62DD100ED4232 /* gitBaiSiTests.xctest */ = {isa = PBXFileReference; explicitFileType = wrapper.cfbundle; includeInIndex = 0; path = gitBaiSiTests.xctest; sourceTree = BUILT_PRODUCTS_DIR; };
		489A1A661BD62DD100ED4232 /* gitBaiSiTests.m */ = {isa = PBXFileReference; lastKnownFileType = sourcecode.c.objc; path = gitBaiSiTests.m; sourceTree = "<group>"; };
		489A1A681BD62DD100ED4232 /* Info.plist */ = {isa = PBXFileReference; lastKnownFileType = text.plist.xml; path = Info.plist; sourceTree = "<group>"; };
		489A1A6D1BD62DD100ED4232 /* gitBaiSiUITests.xctest */ = {isa = PBXFileReference; explicitFileType = wrapper.cfbundle; includeInIndex = 0; path = gitBaiSiUITests.xctest; sourceTree = BUILT_PRODUCTS_DIR; };
		489A1A711BD62DD100ED4232 /* gitBaiSiUITests.m */ = {isa = PBXFileReference; lastKnownFileType = sourcecode.c.objc; path = gitBaiSiUITests.m; sourceTree = "<group>"; };
		489A1A731BD62DD100ED4232 /* Info.plist */ = {isa = PBXFileReference; lastKnownFileType = text.plist.xml; path = Info.plist; sourceTree = "<group>"; };
/* End PBXFileReference section */

/* Begin PBXFrameworksBuildPhase section */
		489A1A461BD62DD100ED4232 /* Frameworks */ = {
			isa = PBXFrameworksBuildPhase;
			buildActionMask = 2147483647;
			files = (
			);
			runOnlyForDeploymentPostprocessing = 0;
		};
		489A1A5F1BD62DD100ED4232 /* Frameworks */ = {
			isa = PBXFrameworksBuildPhase;
			buildActionMask = 2147483647;
			files = (
			);
			runOnlyForDeploymentPostprocessing = 0;
		};
		489A1A6A1BD62DD100ED4232 /* Frameworks */ = {
			isa = PBXFrameworksBuildPhase;
			buildActionMask = 2147483647;
			files = (
			);
			runOnlyForDeploymentPostprocessing = 0;
		};
/* End PBXFrameworksBuildPhase section */

/* Begin PBXGroup section */
		489A1A401BD62DD100ED4232 = {
			isa = PBXGroup;
			children = (
				489A1A4B1BD62DD100ED4232 /* gitBaiSi */,
				489A1A651BD62DD100ED4232 /* gitBaiSiTests */,
				489A1A701BD62DD100ED4232 /* gitBaiSiUITests */,
				489A1A4A1BD62DD100ED4232 /* Products */,
			);
			sourceTree = "<group>";
		};
		489A1A4A1BD62DD100ED4232 /* Products */ = {
			isa = PBXGroup;
			children = (
				489A1A491BD62DD100ED4232 /* gitBaiSi.app */,
				489A1A621BD62DD100ED4232 /* gitBaiSiTests.xctest */,
				489A1A6D1BD62DD100ED4232 /* gitBaiSiUITests.xctest */,
			);
			name = Products;
			sourceTree = "<group>";
		};
		489A1A4B1BD62DD100ED4232 /* gitBaiSi */ = {
			isa = PBXGroup;
			children = (
				489A1A4F1BD62DD100ED4232 /* AppDelegate.h */,
				489A1A501BD62DD100ED4232 /* AppDelegate.m */,
				489A1A521BD62DD100ED4232 /* ViewController.h */,
				489A1A531BD62DD100ED4232 /* ViewController.m */,
				489A1A551BD62DD100ED4232 /* Main.storyboard */,
				489A1A581BD62DD100ED4232 /* Assets.xcassets */,
				489A1A5A1BD62DD100ED4232 /* LaunchScreen.storyboard */,
				489A1A5D1BD62DD100ED4232 /* Info.plist */,
				489A1A4C1BD62DD100ED4232 /* Supporting Files */,
			);
			path = gitBaiSi;
			sourceTree = "<group>";
		};
		489A1A4C1BD62DD100ED4232 /* Supporting Files */ = {
			isa = PBXGroup;
			children = (
				489A1A4D1BD62DD100ED4232 /* main.m */,
			);
			name = "Supporting Files";
			sourceTree = "<group>";
		};
		489A1A651BD62DD100ED4232 /* gitBaiSiTests */ = {
			isa = PBXGroup;
			children = (
				489A1A661BD62DD100ED4232 /* gitBaiSiTests.m */,
				489A1A681BD62DD100ED4232 /* Info.plist */,
			);
			path = gitBaiSiTests;
			sourceTree = "<group>";
		};
		489A1A701BD62DD100ED4232 /* gitBaiSiUITests */ = {
			isa = PBXGroup;
			children = (
				489A1A711BD62DD100ED4232 /* gitBaiSiUITests.m */,
				489A1A731BD62DD100ED4232 /* Info.plist */,
			);
			path = gitBaiSiUITests;
			sourceTree = "<group>";
		};
/* End PBXGroup section */

/* Begin PBXNativeTarget section */
		489A1A481BD62DD100ED4232 /* gitBaiSi */ = {
			isa = PBXNativeTarget;
			buildConfigurationList = 489A1A761BD62DD100ED4232 /* Build configuration list for PBXNativeTarget "gitBaiSi" */;
			buildPhases = (
				489A1A451BD62DD100ED4232 /* Sources */,
				489A1A461BD62DD100ED4232 /* Frameworks */,
				489A1A471BD62DD100ED4232 /* Resources */,
			);
			buildRules = (
			);
			dependencies = (
			);
			name = gitBaiSi;
			productName = gitBaiSi;
			productReference = 489A1A491BD62DD100ED4232 /* gitBaiSi.app */;
			productType = "com.apple.product-type.application";
		};
		489A1A611BD62DD100ED4232 /* gitBaiSiTests */ = {
			isa = PBXNativeTarget;
			buildConfigurationList = 489A1A791BD62DD100ED4232 /* Build configuration list for PBXNativeTarget "gitBaiSiTests" */;
			buildPhases = (
				489A1A5E1BD62DD100ED4232 /* Sources */,
				489A1A5F1BD62DD100ED4232 /* Frameworks */,
				489A1A601BD62DD100ED4232 /* Resources */,
			);
			buildRules = (
			);
			dependencies = (
				489A1A641BD62DD100ED4232 /* PBXTargetDependency */,
			);
			name = gitBaiSiTests;
			productName = gitBaiSiTests;
			productReference = 489A1A621BD62DD100ED4232 /* gitBaiSiTests.xctest */;
			productType = "com.apple.product-type.bundle.unit-test";
		};
		489A1A6C1BD62DD100ED4232 /* gitBaiSiUITests */ = {
			isa = PBXNativeTarget;
			buildConfigurationList = 489A1A7C1BD62DD100ED4232 /* Build configuration list for PBXNativeTarget "gitBaiSiUITests" */;
			buildPhases = (
				489A1A691BD62DD100ED4232 /* Sources */,
				489A1A6A1BD62DD100ED4232 /* Frameworks */,
				489A1A6B1BD62DD100ED4232 /* Resources */,
			);
			buildRules = (
			);
			dependencies = (
				489A1A6F1BD62DD100ED4232 /* PBXTargetDependency */,
			);
			name = gitBaiSiUITests;
			productName = gitBaiSiUITests;
			productReference = 489A1A6D1BD62DD100ED4232 /* gitBaiSiUITests.xctest */;
			productType = "com.apple.product-type.bundle.ui-testing";
		};
/* End PBXNativeTarget section */

/* Begin PBXProject section */
		489A1A411BD62DD100ED4232 /* Project object */ = {
			isa = PBXProject;
			attributes = {
				LastUpgradeCheck = 0700;
				ORGANIZATIONNAME = xiaomage;
				TargetAttributes = {
					489A1A481BD62DD100ED4232 = {
						CreatedOnToolsVersion = 7.0;
					};
					489A1A611BD62DD100ED4232 = {
						CreatedOnToolsVersion = 7.0;
						TestTargetID = 489A1A481BD62DD100ED4232;
					};
					489A1A6C1BD62DD100ED4232 = {
						CreatedOnToolsVersion = 7.0;
						TestTargetID = 489A1A481BD62DD100ED4232;
					};
				};
			};
			buildConfigurationList = 489A1A441BD62DD100ED4232 /* Build configuration list for PBXProject "gitBaiSi" */;
			compatibilityVersion = "Xcode 3.2";
			developmentRegion = English;
			hasScannedForEncodings = 0;
			knownRegions = (
				en,
				Base,
			);
			mainGroup = 489A1A401BD62DD100ED4232;
			productRefGroup = 489A1A4A1BD62DD100ED4232 /* Products */;
			projectDirPath = "";
			projectRoot = "";
			targets = (
				489A1A481BD62DD100ED4232 /* gitBaiSi */,
				489A1A611BD62DD100ED4232 /* gitBaiSiTests */,
				489A1A6C1BD62DD100ED4232 /* gitBaiSiUITests */,
			);
		};
/* End PBXProject section */

/* Begin PBXResourcesBuildPhase section */
		489A1A471BD62DD100ED4232 /* Resources */ = {
			isa = PBXResourcesBuildPhase;
			buildActionMask = 2147483647;
			files = (
				489A1A5C1BD62DD100ED4232 /* LaunchScreen.storyboard in Resources */,
				489A1A591BD62DD100ED4232 /* Assets.xcassets in Resources */,
				489A1A571BD62DD100ED4232 /* Main.storyboard in Resources */,
			);
			runOnlyForDeploymentPostprocessing = 0;
		};
		489A1A601BD62DD100ED4232 /* Resources */ = {
			isa = PBXResourcesBuildPhase;
			buildActionMask = 2147483647;
			files = (
			);
			runOnlyForDeploymentPostprocessing = 0;
		};
		489A1A6B1BD62DD100ED4232 /* Resources */ = {
			isa = PBXResourcesBuildPhase;
			buildActionMask = 2147483647;
			files = (
			);
			runOnlyForDeploymentPostprocessing = 0;
		};
/* End PBXResourcesBuildPhase section */

/* Begin PBXSourcesBuildPhase section */
		489A1A451BD62DD100ED4232 /* Sources */ = {
			isa = PBXSourcesBuildPhase;
			buildActionMask = 2147483647;
			files = (
				489A1A541BD62DD100ED4232 /* ViewController.m in Sources */,
				489A1A511BD62DD100ED4232 /* AppDelegate.m in Sources */,
				489A1A4E1BD62DD100ED4232 /* main.m in Sources */,
			);
			runOnlyForDeploymentPostprocessing = 0;
		};
		489A1A5E1BD62DD100ED4232 /* Sources */ = {
			isa = PBXSourcesBuildPhase;
			buildActionMask = 2147483647;
			files = (
				489A1A671BD62DD100ED4232 /* gitBaiSiTests.m in Sources */,
			);
			runOnlyForDeploymentPostprocessing = 0;
		};
		489A1A691BD62DD100ED4232 /* Sources */ = {
			isa = PBXSourcesBuildPhase;
			buildActionMask = 2147483647;
			files = (
				489A1A721BD62DD100ED4232 /* gitBaiSiUITests.m in Sources */,
			);
			runOnlyForDeploymentPostprocessing = 0;
		};
/* End PBXSourcesBuildPhase section */

/* Begin PBXTargetDependency section */
		489A1A641BD62DD100ED4232 /* PBXTargetDependency */ = {
			isa = PBXTargetDependency;
			target = 489A1A481BD62DD100ED4232 /* gitBaiSi */;
			targetProxy = 489A1A631BD62DD100ED4232 /* PBXContainerItemProxy */;
		};
		489A1A6F1BD62DD100ED4232 /* PBXTargetDependency */ = {
			isa = PBXTargetDependency;
			target = 489A1A481BD62DD100ED4232 /* gitBaiSi */;
			targetProxy = 489A1A6E1BD62DD100ED4232 /* PBXContainerItemProxy */;
		};
/* End PBXTargetDependency section */

/* Begin PBXVariantGroup section */
		489A1A551BD62DD100ED4232 /* Main.storyboard */ = {
			isa = PBXVariantGroup;
			children = (
				489A1A561BD62DD100ED4232 /* Base */,
			);
			name = Main.storyboard;
			sourceTree = "<group>";
		};
		489A1A5A1BD62DD100ED4232 /* LaunchScreen.storyboard */ = {
			isa = PBXVariantGroup;
			children = (
				489A1A5B1BD62DD100ED4232 /* Base */,
			);
			name = LaunchScreen.storyboard;
			sourceTree = "<group>";
		};
/* End PBXVariantGroup section */

/* Begin XCBuildConfiguration section */
		489A1A741BD62DD100ED4232 /* Debug */ = {
			isa = XCBuildConfiguration;
			buildSettings = {
				ALWAYS_SEARCH_USER_PATHS = NO;
				CLANG_CXX_LANGUAGE_STANDARD = "gnu++0x";
				CLANG_CXX_LIBRARY = "libc++";
				CLANG_ENABLE_MODULES = YES;
				CLANG_ENABLE_OBJC_ARC = YES;
				CLANG_WARN_BOOL_CONVERSION = YES;
				CLANG_WARN_CONSTANT_CONVERSION = YES;
				CLANG_WARN_DIRECT_OBJC_ISA_USAGE = YES_ERROR;
				CLANG_WARN_EMPTY_BODY = YES;
				CLANG_WARN_ENUM_CONVERSION = YES;
				CLANG_WARN_INT_CONVERSION = YES;
				CLANG_WARN_OBJC_ROOT_CLASS = YES_ERROR;
				CLANG_WARN_UNREACHABLE_CODE = YES;
				CLANG_WARN__DUPLICATE_METHOD_MATCH = YES;
				"CODE_SIGN_IDENTITY[sdk=iphoneos*]" = "iPhone Developer";
				COPY_PHASE_STRIP = NO;
				DEBUG_INFORMATION_FORMAT = dwarf;
				ENABLE_STRICT_OBJC_MSGSEND = YES;
				ENABLE_TESTABILITY = YES;
				GCC_C_LANGUAGE_STANDARD = gnu99;
				GCC_DYNAMIC_NO_PIC = NO;
				GCC_NO_COMMON_BLOCKS = YES;
				GCC_OPTIMIZATION_LEVEL = 0;
				GCC_PREPROCESSOR_DEFINITIONS = (
					"DEBUG=1",
					"$(inherited)",
				);
				GCC_WARN_64_TO_32_BIT_CONVERSION = YES;
				GCC_WARN_ABOUT_RETURN_TYPE = YES_ERROR;
				GCC_WARN_UNDECLARED_SELECTOR = YES;
				GCC_WARN_UNINITIALIZED_AUTOS = YES_AGGRESSIVE;
				GCC_WARN_UNUSED_FUNCTION = YES;
				GCC_WARN_UNUSED_VARIABLE = YES;
				IPHONEOS_DEPLOYMENT_TARGET = 9.0;
				MTL_ENABLE_DEBUG_INFO = YES;
				ONLY_ACTIVE_ARCH = YES;
				SDKROOT = iphoneos;
				TARGETED_DEVICE_FAMILY = "1,2";
			};
			name = Debug;
		};
		489A1A751BD62DD100ED4232 /* Release */ = {
			isa = XCBuildConfiguration;
			buildSettings = {
				ALWAYS_SEARCH_USER_PATHS = NO;
				CLANG_CXX_LANGUAGE_STANDARD = "gnu++0x";
				CLANG_CXX_LIBRARY = "libc++";
				CLANG_ENABLE_MODULES = YES;
				CLANG_ENABLE_OBJC_ARC = YES;
				CLANG_WARN_BOOL_CONVERSION = YES;
				CLANG_WARN_CONSTANT_CONVERSION = YES;
				CLANG_WARN_DIRECT_OBJC_ISA_USAGE = YES_ERROR;
				CLANG_WARN_EMPTY_BODY = YES;
				CLANG_WARN_ENUM_CONVERSION = YES;
				CLANG_WARN_INT_CONVERSION = YES;
				CLANG_WARN_OBJC_ROOT_CLASS = YES_ERROR;
				CLANG_WARN_UNREACHABLE_CODE = YES;
				CLANG_WARN__DUPLICATE_METHOD_MATCH = YES;
				"CODE_SIGN_IDENTITY[sdk=iphoneos*]" = "iPhone Developer";
				COPY_PHASE_STRIP = NO;
				DEBUG_INFORMATION_FORMAT = "dwarf-with-dsym";
				ENABLE_NS_ASSERTIONS = NO;
				ENABLE_STRICT_OBJC_MSGSEND = YES;
				GCC_C_LANGUAGE_STANDARD = gnu99;
				GCC_NO_COMMON_BLOCKS = YES;
				GCC_WARN_64_TO_32_BIT_CONVERSION = YES;
				GCC_WARN_ABOUT_RETURN_TYPE = YES_ERROR;
				GCC_WARN_UNDECLARED_SELECTOR = YES;
				GCC_WARN_UNINITIALIZED_AUTOS = YES_AGGRESSIVE;
				GCC_WARN_UNUSED_FUNCTION = YES;
				GCC_WARN_UNUSED_VARIABLE = YES;
				IPHONEOS_DEPLOYMENT_TARGET = 9.0;
				MTL_ENABLE_DEBUG_INFO = NO;
				SDKROOT = iphoneos;
				TARGETED_DEVICE_FAMILY = "1,2";
				VALIDATE_PRODUCT = YES;
			};
			name = Release;
		};
		489A1A771BD62DD100ED4232 /* Debug */ = {
			isa = XCBuildConfiguration;
			buildSettings = {
				ASSETCATALOG_COMPILER_APPICON_NAME = AppIcon;
				INFOPLIST_FILE = gitBaiSi/Info.plist;
				LD_RUNPATH_SEARCH_PATHS = "$(inherited) @executable_path/Frameworks";
				PRODUCT_BUNDLE_IDENTIFIER = com.520it.gitBaiSi;
				PRODUCT_NAME = "$(TARGET_NAME)";
			};
			name = Debug;
		};
		489A1A781BD62DD100ED4232 /* Release */ = {
			isa = XCBuildConfiguration;
			buildSettings = {
				ASSETCATALOG_COMPILER_APPICON_NAME = AppIcon;
				INFOPLIST_FILE = gitBaiSi/Info.plist;
				LD_RUNPATH_SEARCH_PATHS = "$(inherited) @executable_path/Frameworks";
				PRODUCT_BUNDLE_IDENTIFIER = com.520it.gitBaiSi;
				PRODUCT_NAME = "$(TARGET_NAME)";
			};
			name = Release;
		};
		489A1A7A1BD62DD100ED4232 /* Debug */ = {
			isa = XCBuildConfiguration;
			buildSettings = {
				BUNDLE_LOADER = "$(TEST_HOST)";
				INFOPLIST_FILE = gitBaiSiTests/Info.plist;
				LD_RUNPATH_SEARCH_PATHS = "$(inherited) @executable_path/Frameworks @loader_path/Frameworks";
				PRODUCT_BUNDLE_IDENTIFIER = com.520it.gitBaiSiTests;
				PRODUCT_NAME = "$(TARGET_NAME)";
				TEST_HOST = "$(BUILT_PRODUCTS_DIR)/gitBaiSi.app/gitBaiSi";
			};
			name = Debug;
		};
		489A1A7B1BD62DD100ED4232 /* Release */ = {
			isa = XCBuildConfiguration;
			buildSettings = {
				BUNDLE_LOADER = "$(TEST_HOST)";
				INFOPLIST_FILE = gitBaiSiTests/Info.plist;
				LD_RUNPATH_SEARCH_PATHS = "$(inherited) @executable_path/Frameworks @loader_path/Frameworks";
				PRODUCT_BUNDLE_IDENTIFIER = com.520it.gitBaiSiTests;
				PRODUCT_NAME = "$(TARGET_NAME)";
				TEST_HOST = "$(BUILT_PRODUCTS_DIR)/gitBaiSi.app/gitBaiSi";
			};
			name = Release;
		};
		489A1A7D1BD62DD100ED4232 /* Debug */ = {
			isa = XCBuildConfiguration;
			buildSettings = {
				INFOPLIST_FILE = gitBaiSiUITests/Info.plist;
				LD_RUNPATH_SEARCH_PATHS = "$(inherited) @executable_path/Frameworks @loader_path/Frameworks";
				PRODUCT_BUNDLE_IDENTIFIER = com.520it.gitBaiSiUITests;
				PRODUCT_NAME = "$(TARGET_NAME)";
				TEST_TARGET_NAME = gitBaiSi;
				USES_XCTRUNNER = YES;
			};
			name = Debug;
		};
		489A1A7E1BD62DD100ED4232 /* Release */ = {
			isa = XCBuildConfiguration;
			buildSettings = {
				INFOPLIST_FILE = gitBaiSiUITests/Info.plist;
				LD_RUNPATH_SEARCH_PATHS = "$(inherited) @executable_path/Frameworks @loader_path/Frameworks";
				PRODUCT_BUNDLE_IDENTIFIER = com.520it.gitBaiSiUITests;
				PRODUCT_NAME = "$(TARGET_NAME)";
				TEST_TARGET_NAME = gitBaiSi;
				USES_XCTRUNNER = YES;
			};
			name = Release;
		};
/* End XCBuildConfiguration section */

/* Begin XCConfigurationList section */
		489A1A441BD62DD100ED4232 /* Build configuration list for PBXProject "gitBaiSi" */ = {
			isa = XCConfigurationList;
			buildConfigurations = (
				489A1A741BD62DD100ED4232 /* Debug */,
				489A1A751BD62DD100ED4232 /* Release */,
			);
			defaultConfigurationIsVisible = 0;
			defaultConfigurationName = Release;
		};
		489A1A761BD62DD100ED4232 /* Build configuration list for PBXNativeTarget "gitBaiSi" */ = {
			isa = XCConfigurationList;
			buildConfigurations = (
				489A1A771BD62DD100ED4232 /* Debug */,
				489A1A781BD62DD100ED4232 /* Release */,
			);
			defaultConfigurationIsVisible = 0;
		};
		489A1A791BD62DD100ED4232 /* Build configuration list for PBXNativeTarget "gitBaiSiTests" */ = {
			isa = XCConfigurationList;
			buildConfigurations = (
				489A1A7A1BD62DD100ED4232 /* Debug */,
				489A1A7B1BD62DD100ED4232 /* Release */,
			);
			defaultConfigurationIsVisible = 0;
		};
		489A1A7C1BD62DD100ED4232 /* Build configuration list for PBXNativeTarget "gitBaiSiUITests" */ = {
			isa = XCConfigurationList;
			buildConfigurations = (
				489A1A7D1BD62DD100ED4232 /* Debug */,
				489A1A7E1BD62DD100ED4232 /* Release */,
			);
			defaultConfigurationIsVisible = 0;
		};
/* End XCConfigurationList section */
	};
	rootObject = 489A1A411BD62DD100ED4232 /* Project object */;
}
